
Microsoft Visual Studio Solution File, Format Version 12.00
# Visual Studio Version 16
VisualStudioVersion = 16.0.29521.150
MinimumVisualStudioVersion = 10.0.40219.1
Project("{FAE04EC0-301F-11D3-BF4B-00C04F79EFBC}") = "TestWPF1", "TestWPF1\TestWPF1.csproj", "{E477F1A0-41E8-4DE6-872E-EEE54F0ADADE}"
EndProject
Global
	GlobalSection(SolutionConfigurationPlatforms) = preSolution
		Debug|Any CPU = Debug|Any CPU
		Release|Any CPU = Release|Any CPU
	EndGlobalSection
	GlobalSection(ProjectConfigurationPlatforms) = postSolution
		{E477F1A0-41E8-4DE6-872E-EEE54F0ADADE}.Debug|Any CPU.ActiveCfg = Debug|Any CPU
		{E477F1A0-41E8-4DE6-872E-EEE54F0ADADE}.Debug|Any CPU.Build.0 = Debug|Any CPU
		{E477F1A0-41E8-4DE6-872E-EEE54F0ADADE}.Release|Any CPU.ActiveCfg = Release|Any CPU
		{E477F1A0-41E8-4DE6-872E-EEE54F0ADADE}.Release|Any CPU.Build.0 = Release|Any CPU
	EndGlobalSection
	GlobalSection(SolutionProperties) = preSolution
		HideSolutionNode = FALSE
	EndGlobalSection
	GlobalSection(ExtensibilityGlobals) = postSolution
		SolutionGuid = {77093CC7-396E-4183-86A1-5738ADC6153C}
	EndGlobalSection
EndGlobal
